
Microsoft Visual Studio Solution File, Format Version 12.00
# Visual Studio Version 17
VisualStudioVersion = 17.9.34616.47
MinimumVisualStudioVersion = 10.0.40219.1
Project("{2150E333-8FDC-42A3-9474-1A3956D46DE8}") = "Src", "Src", "{2D6C4B5B-D676-488E-BF17-B6250C88CC0B}"
EndProject
Project("{2150E333-8FDC-42A3-9474-1A3956D46DE8}") = "IDP", "IDP", "{733F66F9-845C-4C3F-8AE9-C201CE5F8495}"
EndProject
Project("{2150E333-8FDC-42A3-9474-1A3956D46DE8}") = "Services", "Services", "{046848C9-B876-4C71-9551-634B03E9DB69}"
EndProject
Project("{2150E333-8FDC-42A3-9474-1A3956D46DE8}") = "IDPService", "IDPService", "{6AE74F56-76D4-4CF0-A561-5C11BBDE28DB}"
EndProject
Project("{2150E333-8FDC-42A3-9474-1A3956D46DE8}") = "Common", "Common", "{B38D7179-8FF9-4800-B86F-8F28BB90990B}"
EndProject
Project("{2150E333-8FDC-42A3-9474-1A3956D46DE8}") = "CatalogService", "CatalogService", "{D32D77F0-F760-4A1B-BBC2-E8CB3A2BEC9C}"
EndProject
Project("{2150E333-8FDC-42A3-9474-1A3956D46DE8}") = "SearchService", "SearchService", "{0F3787A7-9951-4D91-B42E-BD6B668CDCB9}"
EndProject
Project("{2150E333-8FDC-42A3-9474-1A3956D46DE8}") = "BasketService", "BasketService", "{69C47B75-5689-4E63-8A56-E7C6487B7294}"
EndProject
Project("{2150E333-8FDC-42A3-9474-1A3956D46DE8}") = "OrderService", "OrderService", "{E57CC6A3-214D-4BA8-9253-A35ADE3296F1}"
EndProject
Project("{2150E333-8FDC-42A3-9474-1A3956D46DE8}") = "ReportService", "ReportService", "{5FD8F645-7B22-48C2-9255-4F5F3774CC21}"
EndProject
Project("{9A19103F-16F7-4668-BE54-9A1E7A4F7556}") = "IDP.Api", "Src\Services\IDPService\IDP.Api\IDP.Api.csproj", "{F29D5198-A33D-4169-B7BE-F42086BAA863}"
EndProject
Project("{9A19103F-16F7-4668-BE54-9A1E7A4F7556}") = "IDP.Application", "Src\Services\IDPService\IDP.Application\IDP.Application.csproj", "{EFF6044B-086A-4457-B904-67F6A8829D32}"
EndProject
Project("{9A19103F-16F7-4668-BE54-9A1E7A4F7556}") = "IDP.Domain", "Src\Services\IDPService\IDP.Domain\IDP.Domain.csproj", "{A82DAD34-3641-4711-8DE8-0A087A320B01}"
EndProject
Project("{9A19103F-16F7-4668-BE54-9A1E7A4F7556}") = "IDP.Infrastructure", "Src\Services\IDPService\IDP.Infrastructure\IDP.Infrastructure.csproj", "{AD64EA90-9D13-48ED-B2D8-3F9DDF582D5E}"
EndProject
Project("{9A19103F-16F7-4668-BE54-9A1E7A4F7556}") = "IDP.Ioc", "Src\Services\IDPService\IDP.Ioc\IDP.Ioc.csproj", "{64BFB6E5-3B49-4E02-9CED-81DD88976AA7}"
EndProject
Project("{9A19103F-16F7-4668-BE54-9A1E7A4F7556}") = "IDP.UnitTest", "Src\Services\IDPService\IDP.UnitTest\IDP.UnitTest.csproj", "{67313EBE-68EC-48F9-9AAB-A500FE5D944A}"
EndProject
Project("{FAE04EC0-301F-11D3-BF4B-00C04F79EFBC}") = "Auth", "Src\Common\Auth\Auth.csproj", "{A09C5A54-288B-41AD-A8D8-6E9789C241D7}"
EndProject
Global
	GlobalSection(SolutionConfigurationPlatforms) = preSolution
		Debug|Any CPU = Debug|Any CPU
		Release|Any CPU = Release|Any CPU
	EndGlobalSection
	GlobalSection(ProjectConfigurationPlatforms) = postSolution
		{F29D5198-A33D-4169-B7BE-F42086BAA863}.Debug|Any CPU.ActiveCfg = Debug|Any CPU
		{F29D5198-A33D-4169-B7BE-F42086BAA863}.Debug|Any CPU.Build.0 = Debug|Any CPU
		{F29D5198-A33D-4169-B7BE-F42086BAA863}.Release|Any CPU.ActiveCfg = Release|Any CPU
		{F29D5198-A33D-4169-B7BE-F42086BAA863}.Release|Any CPU.Build.0 = Release|Any CPU
		{EFF6044B-086A-4457-B904-67F6A8829D32}.Debug|Any CPU.ActiveCfg = Debug|Any CPU
		{EFF6044B-086A-4457-B904-67F6A8829D32}.Debug|Any CPU.Build.0 = Debug|Any CPU
		{EFF6044B-086A-4457-B904-67F6A8829D32}.Release|Any CPU.ActiveCfg = Release|Any CPU
		{EFF6044B-086A-4457-B904-67F6A8829D32}.Release|Any CPU.Build.0 = Release|Any CPU
		{A82DAD34-3641-4711-8DE8-0A087A320B01}.Debug|Any CPU.ActiveCfg = Debug|Any CPU
		{A82DAD34-3641-4711-8DE8-0A087A320B01}.Debug|Any CPU.Build.0 = Debug|Any CPU
		{A82DAD34-3641-4711-8DE8-0A087A320B01}.Release|Any CPU.ActiveCfg = Release|Any CPU
		{A82DAD34-3641-4711-8DE8-0A087A320B01}.Release|Any CPU.Build.0 = Release|Any CPU
		{AD64EA90-9D13-48ED-B2D8-3F9DDF582D5E}.Debug|Any CPU.ActiveCfg = Debug|Any CPU
		{AD64EA90-9D13-48ED-B2D8-3F9DDF582D5E}.Debug|Any CPU.Build.0 = Debug|Any CPU
		{AD64EA90-9D13-48ED-B2D8-3F9DDF582D5E}.Release|Any CPU.ActiveCfg = Release|Any CPU
		{AD64EA90-9D13-48ED-B2D8-3F9DDF582D5E}.Release|Any CPU.Build.0 = Release|Any CPU
		{64BFB6E5-3B49-4E02-9CED-81DD88976AA7}.Debug|Any CPU.ActiveCfg = Debug|Any CPU
		{64BFB6E5-3B49-4E02-9CED-81DD88976AA7}.Debug|Any CPU.Build.0 = Debug|Any CPU
		{64BFB6E5-3B49-4E02-9CED-81DD88976AA7}.Release|Any CPU.ActiveCfg = Release|Any CPU
		{64BFB6E5-3B49-4E02-9CED-81DD88976AA7}.Release|Any CPU.Build.0 = Release|Any CPU
		{67313EBE-68EC-48F9-9AAB-A500FE5D944A}.Debug|Any CPU.ActiveCfg = Debug|Any CPU
		{67313EBE-68EC-48F9-9AAB-A500FE5D944A}.Debug|Any CPU.Build.0 = Debug|Any CPU
		{67313EBE-68EC-48F9-9AAB-A500FE5D944A}.Release|Any CPU.ActiveCfg = Release|Any CPU
		{67313EBE-68EC-48F9-9AAB-A500FE5D944A}.Release|Any CPU.Build.0 = Release|Any CPU
		{A09C5A54-288B-41AD-A8D8-6E9789C241D7}.Debug|Any CPU.ActiveCfg = Debug|Any CPU
		{A09C5A54-288B-41AD-A8D8-6E9789C241D7}.Debug|Any CPU.Build.0 = Debug|Any CPU
		{A09C5A54-288B-41AD-A8D8-6E9789C241D7}.Release|Any CPU.ActiveCfg = Release|Any CPU
		{A09C5A54-288B-41AD-A8D8-6E9789C241D7}.Release|Any CPU.Build.0 = Release|Any CPU
	EndGlobalSection
	GlobalSection(SolutionProperties) = preSolution
		HideSolutionNode = FALSE
	EndGlobalSection
	GlobalSection(NestedProjects) = preSolution
		{733F66F9-845C-4C3F-8AE9-C201CE5F8495} = {2D6C4B5B-D676-488E-BF17-B6250C88CC0B}
		{046848C9-B876-4C71-9551-634B03E9DB69} = {733F66F9-845C-4C3F-8AE9-C201CE5F8495}
		{6AE74F56-76D4-4CF0-A561-5C11BBDE28DB} = {046848C9-B876-4C71-9551-634B03E9DB69}
		{B38D7179-8FF9-4800-B86F-8F28BB90990B} = {2D6C4B5B-D676-488E-BF17-B6250C88CC0B}
		{D32D77F0-F760-4A1B-BBC2-E8CB3A2BEC9C} = {046848C9-B876-4C71-9551-634B03E9DB69}
		{0F3787A7-9951-4D91-B42E-BD6B668CDCB9} = {046848C9-B876-4C71-9551-634B03E9DB69}
		{69C47B75-5689-4E63-8A56-E7C6487B7294} = {046848C9-B876-4C71-9551-634B03E9DB69}
		{E57CC6A3-214D-4BA8-9253-A35ADE3296F1} = {046848C9-B876-4C71-9551-634B03E9DB69}
		{5FD8F645-7B22-48C2-9255-4F5F3774CC21} = {046848C9-B876-4C71-9551-634B03E9DB69}
		{F29D5198-A33D-4169-B7BE-F42086BAA863} = {6AE74F56-76D4-4CF0-A561-5C11BBDE28DB}
		{EFF6044B-086A-4457-B904-67F6A8829D32} = {6AE74F56-76D4-4CF0-A561-5C11BBDE28DB}
		{A82DAD34-3641-4711-8DE8-0A087A320B01} = {6AE74F56-76D4-4CF0-A561-5C11BBDE28DB}
		{AD64EA90-9D13-48ED-B2D8-3F9DDF582D5E} = {6AE74F56-76D4-4CF0-A561-5C11BBDE28DB}
		{64BFB6E5-3B49-4E02-9CED-81DD88976AA7} = {6AE74F56-76D4-4CF0-A561-5C11BBDE28DB}
		{67313EBE-68EC-48F9-9AAB-A500FE5D944A} = {6AE74F56-76D4-4CF0-A561-5C11BBDE28DB}
		{A09C5A54-288B-41AD-A8D8-6E9789C241D7} = {B38D7179-8FF9-4800-B86F-8F28BB90990B}
	EndGlobalSection
	GlobalSection(ExtensibilityGlobals) = postSolution
		SolutionGuid = {14EE4996-CC5E-4A61-86D9-84A457343CC1}
	EndGlobalSection
EndGlobal
